PODS:
  - boost (1.76.0)
  - DoubleConversion (1.1.6)
  - EXApplication (5.1.1):
    - ExpoModulesCore
  - EXConstants (14.2.1):
    - ExpoModulesCore
  - EXFileSystem (15.2.2):
    - ExpoModulesCore
  - EXFont (11.1.1):
    - ExpoModulesCore
  - EXImageLoader (4.1.1):
    - ExpoModulesCore
    - React-Core
  - EXJSONUtils (0.7.1)
  - EXManifests (0.7.2):
    - ExpoModulesCore
  - EXNotifications (0.18.1):
    - ExpoModulesCore
  - Expo (48.0.21):
    - ExpoModulesCore
  - expo-dev-client (2.4.12):
    - EXManifests
    - expo-dev-launcher
    - expo-dev-menu
    - expo-dev-menu-interface
    - EXUpdatesInterface
  - expo-dev-launcher (2.4.14):
    - EXManifests
    - expo-dev-launcher/Main (= 2.4.14)
    - expo-dev-menu
    - expo-dev-menu-interface
    - ExpoModulesCore
    - EXUpdatesInterface
    - RCT-Folly (= 2021.07.22.00)
    - React-Core
    - React-RCTAppDelegate
  - expo-dev-launcher/Main (2.4.14):
    - EXManifests
    - expo-dev-launcher/Unsafe
    - expo-dev-menu
    - expo-dev-menu-interface
    - ExpoModulesCore
    - EXUpdatesInterface
    - RCT-Folly (= 2021.07.22.00)
    - React-Core
    - React-RCTAppDelegate
  - expo-dev-launcher/Unsafe (2.4.14):
    - EXManifests
    - expo-dev-menu
    - expo-dev-menu-interface
    - ExpoModulesCore
    - EXUpdatesInterface
    - RCT-Folly (= 2021.07.22.00)
    - React-Core
    - React-RCTAppDelegate
  - expo-dev-menu (3.2.2):
    - expo-dev-menu/Main (= 3.2.2)
    - RCT-Folly (= 2021.07.22.00)
    - React-Core
  - expo-dev-menu-interface (1.3.0)
  - expo-dev-menu/Main (3.2.2):
    - EXManifests
    - expo-dev-menu-interface
    - expo-dev-menu/Vendored
    - ExpoModulesCore
    - RCT-Folly (= 2021.07.22.00)
    - React-Core
  - expo-dev-menu/SafeAreaView (3.2.2):
    - ExpoModulesCore
    - RCT-Folly (= 2021.07.22.00)
    - React-Core
  - expo-dev-menu/Vendored (3.2.2):
    - expo-dev-menu/SafeAreaView
    - RCT-Folly (= 2021.07.22.00)
    - React-Core
  - ExpoCrypto (12.2.2):
    - ExpoModulesCore
  - ExpoDevice (5.2.1):
    - ExpoModulesCore
  - ExpoImagePicker (14.1.1):
    - ExpoModulesCore
  - ExpoKeepAwake (12.0.1):
    - ExpoModulesCore
  - ExpoLinearGradient (12.5.0):
    - ExpoModulesCore
  - ExpoModulesCore (1.2.7):
    - React-Core
    - React-RCTAppDelegate
    - ReactCommon/turbomodule/core
  - ExpoWebBrowser (12.1.1):
    - ExpoModulesCore
  - EXSplashScreen (0.18.2):
    - ExpoModulesCore
    - React-Core
  - EXUpdatesInterface (0.10.1)
  - FBLazyVector (0.71.14)
  - FBReactNativeSpec (0.71.14):
    - RCT-Folly (= 2021.07.22.00)
    - RCTRequired (= 0.71.14)
    - RCTTypeSafety (= 0.71.14)
    - React-Core (= 0.71.14)
    - React-jsi (= 0.71.14)
    - ReactCommon/turbomodule/core (= 0.71.14)
  - Firebase/CoreOnly (10.15.0):
    - FirebaseCore (= 10.15.0)
  - Firebase/Messaging (10.15.0):
    - Firebase/CoreOnly
    - FirebaseMessaging (~> 10.15.0)
  - FirebaseCore (10.15.0):
    - FirebaseCoreInternal (~> 10.0)
    - GoogleUtilities/Environment (~> 7.8)
    - GoogleUtilities/Logger (~> 7.8)
  - FirebaseCoreExtension (10.15.0):
    - FirebaseCore (~> 10.0)
  - FirebaseCoreInternal (10.19.0):
    - "GoogleUtilities/NSData+zlib (~> 7.8)"
  - FirebaseInstallations (10.19.0):
    - FirebaseCore (~> 10.0)
    - GoogleUtilities/Environment (~> 7.8)
    - GoogleUtilities/UserDefaults (~> 7.8)
    - PromisesObjC (~> 2.1)
  - FirebaseMessaging (10.15.0):
    - FirebaseCore (~> 10.0)
    - FirebaseInstallations (~> 10.0)
    - GoogleDataTransport (~> 9.2)
    - GoogleUtilities/AppDelegateSwizzler (~> 7.8)
    - GoogleUtilities/Environment (~> 7.8)
    - GoogleUtilities/Reachability (~> 7.8)
    - GoogleUtilities/UserDefaults (~> 7.8)
    - nanopb (< 2.30910.0, >= 2.30908.0)
  - fmt (6.2.1)
  - glog (0.3.5)
  - GoogleDataTransport (9.3.0):
    - GoogleUtilities/Environment (~> 7.7)
    - nanopb (< 2.30910.0, >= 2.30908.0)
    - PromisesObjC (< 3.0, >= 1.2)
  - GoogleUtilities (7.12.0):
    - GoogleUtilities/AppDelegateSwizzler (= 7.12.0)
    - GoogleUtilities/Environment (= 7.12.0)
    - GoogleUtilities/ISASwizzler (= 7.12.0)
    - GoogleUtilities/Logger (= 7.12.0)
    - GoogleUtilities/MethodSwizzler (= 7.12.0)
    - GoogleUtilities/Network (= 7.12.0)
    - "GoogleUtilities/NSData+zlib (= 7.12.0)"
    - GoogleUtilities/Reachability (= 7.12.0)
    - GoogleUtilities/SwizzlerTestHelpers (= 7.12.0)
    - GoogleUtilities/UserDefaults (= 7.12.0)
  - GoogleUtilities/AppDelegateSwizzler (7.12.0):
    - GoogleUtilities/Environment
    - GoogleUtilities/Logger
    - GoogleUtilities/Network
  - GoogleUtilities/Environment (7.12.0):
    - PromisesObjC (< 3.0, >= 1.2)
  - GoogleUtilities/ISASwizzler (7.12.0)
  - GoogleUtilities/Logger (7.12.0):
    - GoogleUtilities/Environment
  - GoogleUtilities/MethodSwizzler (7.12.0):
    - GoogleUtilities/Logger
  - GoogleUtilities/Network (7.12.0):
    - GoogleUtilities/Logger
    - "GoogleUtilities/NSData+zlib"
    - GoogleUtilities/Reachability
  - "GoogleUtilities/NSData+zlib (7.12.0)"
  - GoogleUtilities/Reachability (7.12.0):
    - GoogleUtilities/Logger
  - GoogleUtilities/SwizzlerTestHelpers (7.12.0):
    - GoogleUtilities/MethodSwizzler
  - GoogleUtilities/UserDefaults (7.12.0):
    - GoogleUtilities/Logger
  - hermes-engine (0.71.14):
    - hermes-engine/Pre-built (= 0.71.14)
  - hermes-engine/Pre-built (0.71.14)
  - libevent (2.1.12)
  - lottie-ios (4.3.4)
  - lottie-react-native (6.3.1):
    - lottie-ios (~> 4.3.0)
    - React-Core
  - nanopb (2.30909.1):
    - nanopb/decode (= 2.30909.1)
    - nanopb/encode (= 2.30909.1)
  - nanopb/decode (2.30909.1)
  - nanopb/encode (2.30909.1)
  - PromisesObjC (2.3.1)
  - RCT-Folly (2021.07.22.00):
    - boost
    - DoubleConversion
    - fmt (~> 6.2.1)
    - glog
    - RCT-Folly/Default (= 2021.07.22.00)
  - RCT-Folly/Default (2021.07.22.00):
    - boost
    - DoubleConversion
    - fmt (~> 6.2.1)
    - glog
  - RCT-Folly/Futures (2021.07.22.00):
    - boost
    - DoubleConversion
    - fmt (~> 6.2.1)
    - glog
    - libevent
  - RCTRequired (0.71.14)
  - RCTTypeSafety (0.71.14):
    - FBLazyVector (= 0.71.14)
    - RCTRequired (= 0.71.14)
    - React-Core (= 0.71.14)
  - React (0.71.14):
    - React-Core (= 0.71.14)
    - React-Core/DevSupport (= 0.71.14)
    - React-Core/RCTWebSocket (= 0.71.14)
    - React-RCTActionSheet (= 0.71.14)
    - React-RCTAnimation (= 0.71.14)
    - React-RCTBlob (= 0.71.14)
    - React-RCTImage (= 0.71.14)
    - React-RCTLinking (= 0.71.14)
    - React-RCTNetwork (= 0.71.14)
    - React-RCTSettings (= 0.71.14)
    - React-RCTText (= 0.71.14)
    - React-RCTVibration (= 0.71.14)
  - React-callinvoker (0.71.14)
  - React-Codegen (0.71.14):
    - FBReactNativeSpec
    - hermes-engine
    - RCT-Folly
    - RCTRequired
    - RCTTypeSafety
    - React-Core
    - React-jsi
    - React-jsiexecutor
    - ReactCommon/turbomodule/bridging
    - ReactCommon/turbomodule/core
  - React-Core (0.71.14):
    - glog
    - hermes-engine
    - RCT-Folly (= 2021.07.22.00)
    - React-Core/Default (= 0.71.14)
    - React-cxxreact (= 0.71.14)
    - React-hermes
    - React-jsi (= 0.71.14)
    - React-jsiexecutor (= 0.71.14)
    - React-perflogger (= 0.71.14)
    - Yoga
  - React-Core/CoreModulesHeaders (0.71.14):
    - glog
    - hermes-engine
    - RCT-Folly (= 2021.07.22.00)
    - React-Core/Default
    - React-cxxreact (= 0.71.14)
    - React-hermes
    - React-jsi (= 0.71.14)
    - React-jsiexecutor (= 0.71.14)
    - React-perflogger (= 0.71.14)
    - Yoga
  - React-Core/Default (0.71.14):
    - glog
    - hermes-engine
    - RCT-Folly (= 2021.07.22.00)
    - React-cxxreact (= 0.71.14)
    - React-hermes
    - React-jsi (= 0.71.14)
    - React-jsiexecutor (= 0.71.14)
    - React-perflogger (= 0.71.14)
    - Yoga
  - React-Core/DevSupport (0.71.14):
    - glog
    - hermes-engine
    - RCT-Folly (= 2021.07.22.00)
    - React-Core/Default (= 0.71.14)
    - React-Core/RCTWebSocket (= 0.71.14)
    - React-cxxreact (= 0.71.14)
    - React-hermes
    - React-jsi (= 0.71.14)
    - React-jsiexecutor (= 0.71.14)
    - React-jsinspector (= 0.71.14)
    - React-perflogger (= 0.71.14)
    - Yoga
  - React-Core/RCTActionSheetHeaders (0.71.14):
    - glog
    - hermes-engine
    - RCT-Folly (= 2021.07.22.00)
    - React-Core/Default
    - React-cxxreact (= 0.71.14)
    - React-hermes
    - React-jsi (= 0.71.14)
    - React-jsiexecutor (= 0.71.14)
    - React-perflogger (= 0.71.14)
    - Yoga
  - React-Core/RCTAnimationHeaders (0.71.14):
    - glog
    - hermes-engine
    - RCT-Folly (= 2021.07.22.00)
    - React-Core/Default
    - React-cxxreact (= 0.71.14)
    - React-hermes
    - React-jsi (= 0.71.14)
    - React-jsiexecutor (= 0.71.14)
    - React-perflogger (= 0.71.14)
    - Yoga
  - React-Core/RCTBlobHeaders (0.71.14):
    - glog
    - hermes-engine
    - RCT-Folly (= 2021.07.22.00)
    - React-Core/Default
    - React-cxxreact (= 0.71.14)
    - React-hermes
    - React-jsi (= 0.71.14)
    - React-jsiexecutor (= 0.71.14)
    - React-perflogger (= 0.71.14)
    - Yoga
  - React-Core/RCTImageHeaders (0.71.14):
    - glog
    - hermes-engine
    - RCT-Folly (= 2021.07.22.00)
    - React-Core/Default
    - React-cxxreact (= 0.71.14)
    - React-hermes
    - React-jsi (= 0.71.14)
    - React-jsiexecutor (= 0.71.14)
    - React-perflogger (= 0.71.14)
    - Yoga
  - React-Core/RCTLinkingHeaders (0.71.14):
    - glog
    - hermes-engine
    - RCT-Folly (= 2021.07.22.00)
    - React-Core/Default
    - React-cxxreact (= 0.71.14)
    - React-hermes
    - React-jsi (= 0.71.14)
    - React-jsiexecutor (= 0.71.14)
    - React-perflogger (= 0.71.14)
    - Yoga
  - React-Core/RCTNetworkHeaders (0.71.14):
    - glog
    - hermes-engine
    - RCT-Folly (= 2021.07.22.00)
    - React-Core/Default
    - React-cxxreact (= 0.71.14)
    - React-hermes
    - React-jsi (= 0.71.14)
    - React-jsiexecutor (= 0.71.14)
    - React-perflogger (= 0.71.14)
    - Yoga
  - React-Core/RCTSettingsHeaders (0.71.14):
    - glog
    - hermes-engine
    - RCT-Folly (= 2021.07.22.00)
    - React-Core/Default
    - React-cxxreact (= 0.71.14)
    - React-hermes
    - React-jsi (= 0.71.14)
    - React-jsiexecutor (= 0.71.14)
    - React-perflogger (= 0.71.14)
    - Yoga
  - React-Core/RCTTextHeaders (0.71.14):
    - glog
    - hermes-engine
    - RCT-Folly (= 2021.07.22.00)
    - React-Core/Default
    - React-cxxreact (= 0.71.14)
    - React-hermes
    - React-jsi (= 0.71.14)
    - React-jsiexecutor (= 0.71.14)
    - React-perflogger (= 0.71.14)
    - Yoga
  - React-Core/RCTVibrationHeaders (0.71.14):
    - glog
    - hermes-engine
    - RCT-Folly (= 2021.07.22.00)
    - React-Core/Default
    - React-cxxreact (= 0.71.14)
    - React-hermes
    - React-jsi (= 0.71.14)
    - React-jsiexecutor (= 0.71.14)
    - React-perflogger (= 0.71.14)
    - Yoga
  - React-Core/RCTWebSocket (0.71.14):
    - glog
    - hermes-engine
    - RCT-Folly (= 2021.07.22.00)
    - React-Core/Default (= 0.71.14)
    - React-cxxreact (= 0.71.14)
    - React-hermes
    - React-jsi (= 0.71.14)
    - React-jsiexecutor (= 0.71.14)
    - React-perflogger (= 0.71.14)
    - Yoga
  - React-CoreModules (0.71.14):
    - RCT-Folly (= 2021.07.22.00)
    - RCTTypeSafety (= 0.71.14)
    - React-Codegen (= 0.71.14)
    - React-Core/CoreModulesHeaders (= 0.71.14)
    - React-jsi (= 0.71.14)
    - React-RCTBlob
    - React-RCTImage (= 0.71.14)
    - ReactCommon/turbomodule/core (= 0.71.14)
  - React-cxxreact (0.71.14):
    - boost (= 1.76.0)
    - DoubleConversion
    - glog
    - hermes-engine
    - RCT-Folly (= 2021.07.22.00)
    - React-callinvoker (= 0.71.14)
    - React-jsi (= 0.71.14)
    - React-jsinspector (= 0.71.14)
    - React-logger (= 0.71.14)
    - React-perflogger (= 0.71.14)
    - React-runtimeexecutor (= 0.71.14)
  - React-hermes (0.71.14):
    - DoubleConversion
    - glog
    - hermes-engine
    - RCT-Folly (= 2021.07.22.00)
    - RCT-Folly/Futures (= 2021.07.22.00)
    - React-cxxreact (= 0.71.14)
    - React-jsi
    - React-jsiexecutor (= 0.71.14)
    - React-jsinspector (= 0.71.14)
    - React-perflogger (= 0.71.14)
  - React-jsi (0.71.14):
    - boost (= 1.76.0)
    - DoubleConversion
    - glog
    - hermes-engine
    - RCT-Folly (= 2021.07.22.00)
  - React-jsiexecutor (0.71.14):
    - DoubleConversion
    - glog
    - hermes-engine
    - RCT-Folly (= 2021.07.22.00)
    - React-cxxreact (= 0.71.14)
    - React-jsi (= 0.71.14)
    - React-perflogger (= 0.71.14)
  - React-jsinspector (0.71.14)
  - React-logger (0.71.14):
    - glog
  - react-native-render-html (6.3.4):
    - React-Core
  - react-native-safe-area-context (4.7.2):
    - React-Core
  - react-native-webview (13.6.0):
    - React-Core
  - React-perflogger (0.71.14)
  - React-RCTActionSheet (0.71.14):
    - React-Core/RCTActionSheetHeaders (= 0.71.14)
  - React-RCTAnimation (0.71.14):
    - RCT-Folly (= 2021.07.22.00)
    - RCTTypeSafety (= 0.71.14)
    - React-Codegen (= 0.71.14)
    - React-Core/RCTAnimationHeaders (= 0.71.14)
    - React-jsi (= 0.71.14)
    - ReactCommon/turbomodule/core (= 0.71.14)
  - React-RCTAppDelegate (0.71.14):
    - RCT-Folly
    - RCTRequired
    - RCTTypeSafety
    - React-Core
    - ReactCommon/turbomodule/core
  - React-RCTBlob (0.71.14):
    - hermes-engine
    - RCT-Folly (= 2021.07.22.00)
    - React-Codegen (= 0.71.14)
    - React-Core/RCTBlobHeaders (= 0.71.14)
    - React-Core/RCTWebSocket (= 0.71.14)
    - React-jsi (= 0.71.14)
    - React-RCTNetwork (= 0.71.14)
    - ReactCommon/turbomodule/core (= 0.71.14)
  - React-RCTImage (0.71.14):
    - RCT-Folly (= 2021.07.22.00)
    - RCTTypeSafety (= 0.71.14)
    - React-Codegen (= 0.71.14)
    - React-Core/RCTImageHeaders (= 0.71.14)
    - React-jsi (= 0.71.14)
    - React-RCTNetwork (= 0.71.14)
    - ReactCommon/turbomodule/core (= 0.71.14)
  - React-RCTLinking (0.71.14):
    - React-Codegen (= 0.71.14)
    - React-Core/RCTLinkingHeaders (= 0.71.14)
    - React-jsi (= 0.71.14)
    - ReactCommon/turbomodule/core (= 0.71.14)
  - React-RCTNetwork (0.71.14):
    - RCT-Folly (= 2021.07.22.00)
    - RCTTypeSafety (= 0.71.14)
    - React-Codegen (= 0.71.14)
    - React-Core/RCTNetworkHeaders (= 0.71.14)
    - React-jsi (= 0.71.14)
    - ReactCommon/turbomodule/core (= 0.71.14)
  - React-RCTSettings (0.71.14):
    - RCT-Folly (= 2021.07.22.00)
    - RCTTypeSafety (= 0.71.14)
    - React-Codegen (= 0.71.14)
    - React-Core/RCTSettingsHeaders (= 0.71.14)
    - React-jsi (= 0.71.14)
    - ReactCommon/turbomodule/core (= 0.71.14)
  - React-RCTText (0.71.14):
    - React-Core/RCTTextHeaders (= 0.71.14)
  - React-RCTVibration (0.71.14):
    - RCT-Folly (= 2021.07.22.00)
    - React-Codegen (= 0.71.14)
    - React-Core/RCTVibrationHeaders (= 0.71.14)
    - React-jsi (= 0.71.14)
    - ReactCommon/turbomodule/core (= 0.71.14)
  - React-runtimeexecutor (0.71.14):
    - React-jsi (= 0.71.14)
  - ReactCommon/turbomodule/bridging (0.71.14):
    - DoubleConversion
    - glog
    - hermes-engine
    - RCT-Folly (= 2021.07.22.00)
    - React-callinvoker (= 0.71.14)
    - React-Core (= 0.71.14)
    - React-cxxreact (= 0.71.14)
    - React-jsi (= 0.71.14)
    - React-logger (= 0.71.14)
    - React-perflogger (= 0.71.14)
  - ReactCommon/turbomodule/core (0.71.14):
    - DoubleConversion
    - glog
    - hermes-engine
    - RCT-Folly (= 2021.07.22.00)
    - React-callinvoker (= 0.71.14)
    - React-Core (= 0.71.14)
    - React-cxxreact (= 0.71.14)
    - React-jsi (= 0.71.14)
    - React-logger (= 0.71.14)
    - React-perflogger (= 0.71.14)
  - RNAppleHealthKit (1.7.0):
    - React
  - RNCAsyncStorage (1.19.3):
    - React-Core
  - RNFBApp (18.5.0):
    - Firebase/CoreOnly (= 10.15.0)
    - React-Core
  - RNFBMessaging (18.5.0):
    - Firebase/Messaging (= 10.15.0)
    - FirebaseCoreExtension (= 10.15.0)
    - React-Core
    - RNFBApp
  - RNGestureHandler (2.9.0):
    - React-Core
  - RNReanimated (3.5.4):
    - DoubleConversion
    - FBLazyVector
    - FBReactNativeSpec
    - glog
    - hermes-engine
    - RCT-Folly
    - RCTRequired
    - RCTTypeSafety
    - React-callinvoker
    - React-Core
    - React-Core/DevSupport
    - React-Core/RCTWebSocket
    - React-CoreModules
    - React-cxxreact
    - React-hermes
    - React-jsi
    - React-jsiexecutor
    - React-jsinspector
    - React-RCTActionSheet
    - React-RCTAnimation
    - React-RCTBlob
    - React-RCTImage
    - React-RCTLinking
    - React-RCTNetwork
    - React-RCTSettings
    - React-RCTText
    - ReactCommon/turbomodule/core
    - Yoga
  - RNScreens (3.20.0):
    - React-Core
    - React-RCTImage
  - RNSVG (13.4.0):
    - React-Core
  - Yoga (1.14.0)

DEPENDENCIES:
  - boost (from `../node_modules/react-native/third-party-podspecs/boost.podspec`)
  - DoubleConversion (from `../node_modules/react-native/third-party-podspecs/DoubleConversion.podspec`)
  - EXApplication (from `../node_modules/expo-application/ios`)
  - EXConstants (from `../node_modules/expo-constants/ios`)
  - EXFileSystem (from `../node_modules/expo-file-system/ios`)
  - EXFont (from `../node_modules/expo-font/ios`)
  - EXImageLoader (from `../node_modules/expo-image-loader/ios`)
  - EXJSONUtils (from `../node_modules/expo-json-utils/ios`)
  - EXManifests (from `../node_modules/expo-manifests/ios`)
  - EXNotifications (from `../node_modules/expo-notifications/ios`)
  - Expo (from `../node_modules/expo`)
  - expo-dev-client (from `../node_modules/expo-dev-client/ios`)
  - expo-dev-launcher (from `../node_modules/expo-dev-launcher`)
  - expo-dev-menu (from `../node_modules/expo-dev-menu`)
  - expo-dev-menu-interface (from `../node_modules/expo-dev-menu-interface/ios`)
  - ExpoCrypto (from `../node_modules/expo-crypto/ios`)
  - ExpoDevice (from `../node_modules/expo-device/ios`)
  - ExpoImagePicker (from `../node_modules/expo-image-picker/ios`)
  - ExpoKeepAwake (from `../node_modules/expo-keep-awake/ios`)
  - ExpoLinearGradient (from `../node_modules/expo-linear-gradient/ios`)
  - ExpoModulesCore (from `../node_modules/expo-modules-core`)
  - ExpoWebBrowser (from `../node_modules/expo-web-browser/ios`)
  - EXSplashScreen (from `../node_modules/expo-splash-screen/ios`)
  - EXUpdatesInterface (from `../node_modules/expo-updates-interface/ios`)
  - FBLazyVector (from `../node_modules/react-native/Libraries/FBLazyVector`)
  - FBReactNativeSpec (from `../node_modules/react-native/React/FBReactNativeSpec`)
  - FirebaseCore
  - glog (from `../node_modules/react-native/third-party-podspecs/glog.podspec`)
  - GoogleUtilities
  - hermes-engine (from `../node_modules/react-native/sdks/hermes-engine/hermes-engine.podspec`)
  - libevent (~> 2.1.12)
  - lottie-react-native (from `../node_modules/lottie-react-native`)
  - RCT-Folly (from `../node_modules/react-native/third-party-podspecs/RCT-Folly.podspec`)
  - RCTRequired (from `../node_modules/react-native/Libraries/RCTRequired`)
  - RCTTypeSafety (from `../node_modules/react-native/Libraries/TypeSafety`)
  - React (from `../node_modules/react-native/`)
  - React-callinvoker (from `../node_modules/react-native/ReactCommon/callinvoker`)
  - React-Codegen (from `build/generated/ios`)
  - React-Core (from `../node_modules/react-native/`)
  - React-Core/RCTWebSocket (from `../node_modules/react-native/`)
  - React-CoreModules (from `../node_modules/react-native/React/CoreModules`)
  - React-cxxreact (from `../node_modules/react-native/ReactCommon/cxxreact`)
  - React-hermes (from `../node_modules/react-native/ReactCommon/hermes`)
  - React-jsi (from `../node_modules/react-native/ReactCommon/jsi`)
  - React-jsiexecutor (from `../node_modules/react-native/ReactCommon/jsiexecutor`)
  - React-jsinspector (from `../node_modules/react-native/ReactCommon/jsinspector`)
  - React-logger (from `../node_modules/react-native/ReactCommon/logger`)
  - react-native-render-html (from `../node_modules/react-native-render-html`)
  - react-native-safe-area-context (from `../node_modules/react-native-safe-area-context`)
  - react-native-webview (from `../node_modules/react-native-webview`)
  - React-perflogger (from `../node_modules/react-native/ReactCommon/reactperflogger`)
  - React-RCTActionSheet (from `../node_modules/react-native/Libraries/ActionSheetIOS`)
  - React-RCTAnimation (from `../node_modules/react-native/Libraries/NativeAnimation`)
  - React-RCTAppDelegate (from `../node_modules/react-native/Libraries/AppDelegate`)
  - React-RCTBlob (from `../node_modules/react-native/Libraries/Blob`)
  - React-RCTImage (from `../node_modules/react-native/Libraries/Image`)
  - React-RCTLinking (from `../node_modules/react-native/Libraries/LinkingIOS`)
  - React-RCTNetwork (from `../node_modules/react-native/Libraries/Network`)
  - React-RCTSettings (from `../node_modules/react-native/Libraries/Settings`)
  - React-RCTText (from `../node_modules/react-native/Libraries/Text`)
  - React-RCTVibration (from `../node_modules/react-native/Libraries/Vibration`)
  - React-runtimeexecutor (from `../node_modules/react-native/ReactCommon/runtimeexecutor`)
  - ReactCommon/turbomodule/core (from `../node_modules/react-native/ReactCommon`)
  - RNAppleHealthKit (from `../node_modules/react-native-health`)
  - "RNCAsyncStorage (from `../node_modules/@react-native-async-storage/async-storage`)"
  - "RNFBApp (from `../node_modules/@react-native-firebase/app`)"
  - "RNFBMessaging (from `../node_modules/@react-native-firebase/messaging`)"
  - RNGestureHandler (from `../node_modules/react-native-gesture-handler`)
  - RNReanimated (from `../node_modules/react-native-reanimated`)
  - RNScreens (from `../node_modules/react-native-screens`)
  - RNSVG (from `../node_modules/react-native-svg`)
  - Yoga (from `../node_modules/react-native/ReactCommon/yoga`)

SPEC REPOS:
  trunk:
    - Firebase
    - FirebaseCore
    - FirebaseCoreExtension
    - FirebaseCoreInternal
    - FirebaseInstallations
    - FirebaseMessaging
    - fmt
    - GoogleDataTransport
    - GoogleUtilities
    - libevent
    - lottie-ios
    - nanopb
    - PromisesObjC

EXTERNAL SOURCES:
  boost:
    :podspec: "../node_modules/react-native/third-party-podspecs/boost.podspec"
  DoubleConversion:
    :podspec: "../node_modules/react-native/third-party-podspecs/DoubleConversion.podspec"
  EXApplication:
    :path: "../node_modules/expo-application/ios"
  EXConstants:
    :path: "../node_modules/expo-constants/ios"
  EXFileSystem:
    :path: "../node_modules/expo-file-system/ios"
  EXFont:
    :path: "../node_modules/expo-font/ios"
  EXImageLoader:
    :path: "../node_modules/expo-image-loader/ios"
  EXJSONUtils:
    :path: "../node_modules/expo-json-utils/ios"
  EXManifests:
    :path: "../node_modules/expo-manifests/ios"
  EXNotifications:
    :path: "../node_modules/expo-notifications/ios"
  Expo:
    :path: "../node_modules/expo"
  expo-dev-client:
    :path: "../node_modules/expo-dev-client/ios"
  expo-dev-launcher:
    :path: "../node_modules/expo-dev-launcher"
  expo-dev-menu:
    :path: "../node_modules/expo-dev-menu"
  expo-dev-menu-interface:
    :path: "../node_modules/expo-dev-menu-interface/ios"
  ExpoCrypto:
    :path: "../node_modules/expo-crypto/ios"
  ExpoDevice:
    :path: "../node_modules/expo-device/ios"
  ExpoImagePicker:
    :path: "../node_modules/expo-image-picker/ios"
  ExpoKeepAwake:
    :path: "../node_modules/expo-keep-awake/ios"
  ExpoLinearGradient:
    :path: "../node_modules/expo-linear-gradient/ios"
  ExpoModulesCore:
    :path: "../node_modules/expo-modules-core"
  ExpoWebBrowser:
    :path: "../node_modules/expo-web-browser/ios"
  EXSplashScreen:
    :path: "../node_modules/expo-splash-screen/ios"
  EXUpdatesInterface:
    :path: "../node_modules/expo-updates-interface/ios"
  FBLazyVector:
    :path: "../node_modules/react-native/Libraries/FBLazyVector"
  FBReactNativeSpec:
    :path: "../node_modules/react-native/React/FBReactNativeSpec"
  glog:
    :podspec: "../node_modules/react-native/third-party-podspecs/glog.podspec"
  hermes-engine:
    :podspec: "../node_modules/react-native/sdks/hermes-engine/hermes-engine.podspec"
  lottie-react-native:
    :path: "../node_modules/lottie-react-native"
  RCT-Folly:
    :podspec: "../node_modules/react-native/third-party-podspecs/RCT-Folly.podspec"
  RCTRequired:
    :path: "../node_modules/react-native/Libraries/RCTRequired"
  RCTTypeSafety:
    :path: "../node_modules/react-native/Libraries/TypeSafety"
  React:
    :path: "../node_modules/react-native/"
  React-callinvoker:
    :path: "../node_modules/react-native/ReactCommon/callinvoker"
  React-Codegen:
    :path: build/generated/ios
  React-Core:
    :path: "../node_modules/react-native/"
  React-CoreModules:
    :path: "../node_modules/react-native/React/CoreModules"
  React-cxxreact:
    :path: "../node_modules/react-native/ReactCommon/cxxreact"
  React-hermes:
    :path: "../node_modules/react-native/ReactCommon/hermes"
  React-jsi:
    :path: "../node_modules/react-native/ReactCommon/jsi"
  React-jsiexecutor:
    :path: "../node_modules/react-native/ReactCommon/jsiexecutor"
  React-jsinspector:
    :path: "../node_modules/react-native/ReactCommon/jsinspector"
  React-logger:
    :path: "../node_modules/react-native/ReactCommon/logger"
  react-native-render-html:
    :path: "../node_modules/react-native-render-html"
  react-native-safe-area-context:
    :path: "../node_modules/react-native-safe-area-context"
  react-native-webview:
    :path: "../node_modules/react-native-webview"
  React-perflogger:
    :path: "../node_modules/react-native/ReactCommon/reactperflogger"
  React-RCTActionSheet:
    :path: "../node_modules/react-native/Libraries/ActionSheetIOS"
  React-RCTAnimation:
    :path: "../node_modules/react-native/Libraries/NativeAnimation"
  React-RCTAppDelegate:
    :path: "../node_modules/react-native/Libraries/AppDelegate"
  React-RCTBlob:
    :path: "../node_modules/react-native/Libraries/Blob"
  React-RCTImage:
    :path: "../node_modules/react-native/Libraries/Image"
  React-RCTLinking:
    :path: "../node_modules/react-native/Libraries/LinkingIOS"
  React-RCTNetwork:
    :path: "../node_modules/react-native/Libraries/Network"
  React-RCTSettings:
    :path: "../node_modules/react-native/Libraries/Settings"
  React-RCTText:
    :path: "../node_modules/react-native/Libraries/Text"
  React-RCTVibration:
    :path: "../node_modules/react-native/Libraries/Vibration"
  React-runtimeexecutor:
    :path: "../node_modules/react-native/ReactCommon/runtimeexecutor"
  ReactCommon:
    :path: "../node_modules/react-native/ReactCommon"
  RNAppleHealthKit:
    :path: "../node_modules/react-native-health"
  RNCAsyncStorage:
    :path: "../node_modules/@react-native-async-storage/async-storage"
  RNFBApp:
    :path: "../node_modules/@react-native-firebase/app"
  RNFBMessaging:
    :path: "../node_modules/@react-native-firebase/messaging"
  RNGestureHandler:
    :path: "../node_modules/react-native-gesture-handler"
  RNReanimated:
    :path: "../node_modules/react-native-reanimated"
  RNScreens:
    :path: "../node_modules/react-native-screens"
  RNSVG:
    :path: "../node_modules/react-native-svg"
  Yoga:
    :path: "../node_modules/react-native/ReactCommon/yoga"

SPEC CHECKSUMS:
  boost: 57d2868c099736d80fcd648bf211b4431e51a558
  DoubleConversion: 5189b271737e1565bdce30deb4a08d647e3f5f54
  EXApplication: d8f53a7eee90a870a75656280e8d4b85726ea903
  EXConstants: f348da07e21b23d2b085e270d7b74f282df1a7d9
  EXFileSystem: 844e86ca9b5375486ecc4ef06d3838d5597d895d
  EXFont: 6ea3800df746be7233208d80fe379b8ed74f4272
  EXImageLoader: fd053169a8ee932dd83bf1fe5487a50c26d27c2b
  EXJSONUtils: 6802be4282d42b97c51682468ddc1026a06f8276
  EXManifests: cf66451b11b2c2f6464917528d792759f7fd6ce0
  EXNotifications: dd628737af60fc8cc62dccebacd326b0fbbc0dcb
  Expo: 0d9f112757acc6bf32103eabccf91267780bd580
  expo-dev-client: 1e20e0d67534fd63da37604747a60e7d69fc46f5
  expo-dev-launcher: e9411e0c91abaa448682d0fa688957e7dbff356e
  expo-dev-menu: f7036f78c69f0f6ecb386f5543a06266dde64bf5
  expo-dev-menu-interface: bda969497e73dadc2663c479e0fa726ca79a306e
  ExpoCrypto: 9105610a09cd6290b900bd82fc5d190e489125a3
  ExpoDevice: e0bebf68f978b3d353377ce42e73c20c0a070215
  ExpoImagePicker: 270dea232b3a072d981dd564e2cafc63a864edb1
  ExpoKeepAwake: 69f5f627670d62318410392d03e0b5db0f85759a
  ExpoLinearGradient: 5d18293f89c063036121281175c4653d6a7c34a2
  ExpoModulesCore: 653958063a301098b541ae4dfed1ac0b98db607b
  ExpoWebBrowser: 033d34c478d9986da2f1679729041423837626e0
  EXSplashScreen: 0e0a9ba0cf7553094e93213099bd7b42e6e237e9
  EXUpdatesInterface: 82ed48d417cdcd376c12ca1c2ce390d35500bed6
  FBLazyVector: 12ea01e587c9594e7b144e1bfc86ac4d9ac28fde
  FBReactNativeSpec: b6ae48e67aaba46442f84d6f9ba598ccfbe2ee66
  Firebase: 66043bd4579e5b73811f96829c694c7af8d67435
  FirebaseCore: 2cec518b43635f96afe7ac3a9c513e47558abd2e
  FirebaseCoreExtension: d3f1ea3725fb41f56e8fbfb29eeaff54e7ffb8f6
  FirebaseCoreInternal: b444828ea7cfd594fca83046b95db98a2be4f290
  FirebaseInstallations: 033d199474164db20c8350736842a94fe717b960
  FirebaseMessaging: 0c0ae1eb722ef0c07f7801e5ded8dccd1357d6d4
  fmt: ff9d55029c625d3757ed641535fd4a75fedc7ce9
  glog: 04b94705f318337d7ead9e6d17c019bd9b1f6b1b
  GoogleDataTransport: 57c22343ab29bc686febbf7cbb13bad167c2d8fe
  GoogleUtilities: 0759d1a57ebb953965c2dfe0ba4c82e95ccc2e34
  hermes-engine: d7cc127932c89c53374452d6f93473f1970d8e88
  libevent: 4049cae6c81cdb3654a443be001fb9bdceff7913
  lottie-ios: 3d98679b41fa6fd6aff2352b3953dbd3df8a397e
  lottie-react-native: c9f1db4f4124dcce9f8159e65d8dc6e8bcb11fb4
  nanopb: d4d75c12cd1316f4a64e3c6963f879ecd4b5e0d5
  PromisesObjC: c50d2056b5253dadbd6c2bea79b0674bd5a52fa4
  RCT-Folly: 424b8c9a7a0b9ab2886ffe9c3b041ef628fd4fb1
  RCTRequired: e9df143e880d0e879e7a498dc06923d728809c79
  RCTTypeSafety: c2d89c8308829c12c038ec1f431191eaa0d8c15c
  React: 52b89a818f4b2579c98567f3aa8bde880d9e843b
  React-callinvoker: 56e399c88c05e037fe99c31978f30e75fad5c286
  React-Codegen: 7ece62f4d4896ad1933f834a7dad697676636318
  React-Core: f06b7b00e0d49433a316760ae61a0f8f5dee6629
  React-CoreModules: bd520e5688b5aa4666965a1b3b8e6d4a2e19df20
  React-cxxreact: ba6a1663685837fa4c2ac97daa95dd2e47f1acdc
  React-hermes: c862e573ca0228070936b5ec4f475c3e19e900e0
  React-jsi: 533030c161bcfcbc3a4ad0b357ced8f7b2be457e
  React-jsiexecutor: 94cfc1788637ceaf8841ef1f69b10cc0d62baadc
  React-jsinspector: 7bf923954b4e035f494b01ac16633963412660d7
  React-logger: 655ff5db8bd922acfbe76a4983ffab048916343e
  react-native-render-html: 984dfe2294163d04bf5fe25d7c9f122e60e05ebe
  react-native-safe-area-context: 7aa8e6d9d0f3100a820efb1a98af68aa747f9284
  react-native-webview: 669ae162965f629a8d6a4bdd3b99a304d36ef1f2
  React-perflogger: 4987ad83731c23d11813c84263963b0d3028c966
  React-RCTActionSheet: 5ad952b2a9740d87a5bd77280c4bc23f6f89ea0c
  React-RCTAnimation: d2de22af3f536cc80bb5b3918e1a455114d1b985
  React-RCTAppDelegate: 27f7d735cad3d522c13008ea80020d350017c422
  React-RCTBlob: b697e0e2e38ec85bd726176851a3b476a490ad33
  React-RCTImage: a07e8c7d4768f62ebc6277e4680f6b979c619967
  React-RCTLinking: d00ae55db37b2c12ebab91135f06f75391c0708d
  React-RCTNetwork: b3a401276e5c08487d8a14fdec1720e78b5888db
  React-RCTSettings: d606cbac31403604c5d5746e6dab53bb332f9301
  React-RCTText: b3bd40bc71bca0c3e2cc5ce2c40870a438f303b1
  React-RCTVibration: 64e412b9ac684c4edc938fa1187135ada9af7faf
  React-runtimeexecutor: ffe826b7b1cfbc32a35ed5b64d5886c0ff75f501
  ReactCommon: 7f3dd5e98a9ec627c6b03d26c062bf37ea9fc888
  RNAppleHealthKit: 60a6beefdd89a75811e9a8873a5e24f351dee681
  RNCAsyncStorage: c913ede1fa163a71cea118ed4670bbaaa4b511bb
  RNFBApp: cc9384746945ac0eedd4759171a8abb4c4c5309d
  RNFBMessaging: 3c573398dced30f6cbaf55a195080916ea23f819
  RNGestureHandler: 071d7a9ad81e8b83fe7663b303d132406a7d8f39
  RNReanimated: be07c7ae209074d0e8a84cf38b7909457ac59a32
  RNScreens: 218801c16a2782546d30bd2026bb625c0302d70f
  RNSVG: 07dbd870b0dcdecc99b3a202fa37c8ca163caec2
  Yoga: e71803b4c1fff832ccf9b92541e00f9b873119b9

PODFILE CHECKSUM: c1444b8e64046f72d5d19e9ccba0bd621d0121ed

COCOAPODS: 1.14.3
